
Microsoft Visual Studio Solution File, Format Version 12.00
# Visual Studio 15
VisualStudioVersion = 15.0.28010.2019
MinimumVisualStudioVersion = 10.0.40219.1
Project("{9A19103F-16F7-4668-BE54-9A1E7A4F7556}") = "Polygon.CalculosTrabalhistas.Api", "Polygon.CalculosTrabalhistas.Api\Polygon.CalculosTrabalhistas.Api.csproj", "{6449EA04-3B2D-49B8-9649-BEE49AA8BE76}"
EndProject
Project("{2150E333-8FDC-42A3-9474-1A3956D46DE8}") = "1 - Api", "1 - Api", "{5D9364CF-5361-4AEA-AA6A-3DDEFF96E525}"
EndProject
Project("{2150E333-8FDC-42A3-9474-1A3956D46DE8}") = "2 - Application", "2 - Application", "{EB15EE8B-A362-4D20-97E1-BCC5BF42638F}"
EndProject
Project("{2150E333-8FDC-42A3-9474-1A3956D46DE8}") = "3 - Shared", "3 - Shared", "{BA869967-5765-4DC5-9ED0-1770B060AC3A}"
EndProject
Project("{2150E333-8FDC-42A3-9474-1A3956D46DE8}") = "5 - Infra", "5 - Infra", "{DD7FB548-2DB2-4245-BEFE-ACA7AD60BA20}"
EndProject
Global
	GlobalSection(SolutionConfigurationPlatforms) = preSolution
		Debug|Any CPU = Debug|Any CPU
		Release|Any CPU = Release|Any CPU
	EndGlobalSection
	GlobalSection(ProjectConfigurationPlatforms) = postSolution
		{6449EA04-3B2D-49B8-9649-BEE49AA8BE76}.Debug|Any CPU.ActiveCfg = Debug|Any CPU
		{6449EA04-3B2D-49B8-9649-BEE49AA8BE76}.Debug|Any CPU.Build.0 = Debug|Any CPU
		{6449EA04-3B2D-49B8-9649-BEE49AA8BE76}.Release|Any CPU.ActiveCfg = Release|Any CPU
		{6449EA04-3B2D-49B8-9649-BEE49AA8BE76}.Release|Any CPU.Build.0 = Release|Any CPU
	EndGlobalSection
	GlobalSection(SolutionProperties) = preSolution
		HideSolutionNode = FALSE
	EndGlobalSection
	GlobalSection(NestedProjects) = preSolution
		{6449EA04-3B2D-49B8-9649-BEE49AA8BE76} = {5D9364CF-5361-4AEA-AA6A-3DDEFF96E525}
	EndGlobalSection
	GlobalSection(ExtensibilityGlobals) = postSolution
		SolutionGuid = {6AEFF801-A10F-4096-B15E-EEDCC9445CED}
	EndGlobalSection
EndGlobal
