
Microsoft Visual Studio Solution File, Format Version 12.00
# Visual Studio 15
VisualStudioVersion = 15.0.28010.2019
MinimumVisualStudioVersion = 10.0.40219.1
Project("{9A19103F-16F7-4668-BE54-9A1E7A4F7556}") = "Polygon.CalculosTrabalhistas.Api", "Polygon.CalculosTrabalhistas.Api\Polygon.CalculosTrabalhistas.Api.csproj", "{6449EA04-3B2D-49B8-9649-BEE49AA8BE76}"
EndProject
Project("{2150E333-8FDC-42A3-9474-1A3956D46DE8}") = "1 - Entrypoints", "1 - Entrypoints", "{5D9364CF-5361-4AEA-AA6A-3DDEFF96E525}"
EndProject
Project("{2150E333-8FDC-42A3-9474-1A3956D46DE8}") = "2 - Application", "2 - Application", "{EB15EE8B-A362-4D20-97E1-BCC5BF42638F}"
EndProject
Project("{2150E333-8FDC-42A3-9474-1A3956D46DE8}") = "3 - Shared", "3 - Shared", "{BA869967-5765-4DC5-9ED0-1770B060AC3A}"
EndProject
Project("{2150E333-8FDC-42A3-9474-1A3956D46DE8}") = "4 - Infra", "4 - Infra", "{DD7FB548-2DB2-4245-BEFE-ACA7AD60BA20}"
EndProject
Project("{9A19103F-16F7-4668-BE54-9A1E7A4F7556}") = "Polygon.CalculosTrabalhistas.Domain", "Polygon.CalculosTrabalhistas.Domain\Polygon.CalculosTrabalhistas.Domain.csproj", "{1747899D-7C6E-43E0-AC4D-B7098454BBBD}"
EndProject
Project("{9A19103F-16F7-4668-BE54-9A1E7A4F7556}") = "Polygon.CalculosTrabalhistas.Application", "Polygon.CalculosTrabalhistas.Application\Polygon.CalculosTrabalhistas.Application.csproj", "{4C84DF99-E026-4E4E-97B0-83CA5D6193EA}"
EndProject
Project("{9A19103F-16F7-4668-BE54-9A1E7A4F7556}") = "Polygon.CalculosTrabalhistas.Ioc", "Polygon.CalculosTrabalhistas.Ioc\Polygon.CalculosTrabalhistas.Ioc.csproj", "{5D2B63CA-A305-44B5-B2D3-D0FC50FCD33A}"
EndProject
Project("{9A19103F-16F7-4668-BE54-9A1E7A4F7556}") = "Polygon.CalculosTrabalhistas.Repositories.Raven", "Polygon.CalculosTrabalhistas.Repositories.Mongo\Polygon.CalculosTrabalhistas.Repositories.Raven.csproj", "{DBC4CFA1-6F74-46E7-9AF5-A186BDF3BBDF}"
EndProject
Project("{9A19103F-16F7-4668-BE54-9A1E7A4F7556}") = "Polygon.CalculosTrabalhistas.Communication", "Polygon.CalculosTrabalhistas.Communication\Polygon.CalculosTrabalhistas.Communication.csproj", "{CCB634C2-2FDF-45FD-95CD-BE0B8BE21C9B}"
EndProject
Global
	GlobalSection(SolutionConfigurationPlatforms) = preSolution
		Debug|Any CPU = Debug|Any CPU
		Release|Any CPU = Release|Any CPU
	EndGlobalSection
	GlobalSection(ProjectConfigurationPlatforms) = postSolution
		{6449EA04-3B2D-49B8-9649-BEE49AA8BE76}.Debug|Any CPU.ActiveCfg = Debug|Any CPU
		{6449EA04-3B2D-49B8-9649-BEE49AA8BE76}.Debug|Any CPU.Build.0 = Debug|Any CPU
		{6449EA04-3B2D-49B8-9649-BEE49AA8BE76}.Release|Any CPU.ActiveCfg = Release|Any CPU
		{6449EA04-3B2D-49B8-9649-BEE49AA8BE76}.Release|Any CPU.Build.0 = Release|Any CPU
		{1747899D-7C6E-43E0-AC4D-B7098454BBBD}.Debug|Any CPU.ActiveCfg = Debug|Any CPU
		{1747899D-7C6E-43E0-AC4D-B7098454BBBD}.Debug|Any CPU.Build.0 = Debug|Any CPU
		{1747899D-7C6E-43E0-AC4D-B7098454BBBD}.Release|Any CPU.ActiveCfg = Release|Any CPU
		{1747899D-7C6E-43E0-AC4D-B7098454BBBD}.Release|Any CPU.Build.0 = Release|Any CPU
		{4C84DF99-E026-4E4E-97B0-83CA5D6193EA}.Debug|Any CPU.ActiveCfg = Debug|Any CPU
		{4C84DF99-E026-4E4E-97B0-83CA5D6193EA}.Debug|Any CPU.Build.0 = Debug|Any CPU
		{4C84DF99-E026-4E4E-97B0-83CA5D6193EA}.Release|Any CPU.ActiveCfg = Release|Any CPU
		{4C84DF99-E026-4E4E-97B0-83CA5D6193EA}.Release|Any CPU.Build.0 = Release|Any CPU
		{5D2B63CA-A305-44B5-B2D3-D0FC50FCD33A}.Debug|Any CPU.ActiveCfg = Debug|Any CPU
		{5D2B63CA-A305-44B5-B2D3-D0FC50FCD33A}.Debug|Any CPU.Build.0 = Debug|Any CPU
		{5D2B63CA-A305-44B5-B2D3-D0FC50FCD33A}.Release|Any CPU.ActiveCfg = Release|Any CPU
		{5D2B63CA-A305-44B5-B2D3-D0FC50FCD33A}.Release|Any CPU.Build.0 = Release|Any CPU
		{DBC4CFA1-6F74-46E7-9AF5-A186BDF3BBDF}.Debug|Any CPU.ActiveCfg = Debug|Any CPU
		{DBC4CFA1-6F74-46E7-9AF5-A186BDF3BBDF}.Debug|Any CPU.Build.0 = Debug|Any CPU
		{DBC4CFA1-6F74-46E7-9AF5-A186BDF3BBDF}.Release|Any CPU.ActiveCfg = Release|Any CPU
		{DBC4CFA1-6F74-46E7-9AF5-A186BDF3BBDF}.Release|Any CPU.Build.0 = Release|Any CPU
		{CCB634C2-2FDF-45FD-95CD-BE0B8BE21C9B}.Debug|Any CPU.ActiveCfg = Debug|Any CPU
		{CCB634C2-2FDF-45FD-95CD-BE0B8BE21C9B}.Debug|Any CPU.Build.0 = Debug|Any CPU
		{CCB634C2-2FDF-45FD-95CD-BE0B8BE21C9B}.Release|Any CPU.ActiveCfg = Release|Any CPU
		{CCB634C2-2FDF-45FD-95CD-BE0B8BE21C9B}.Release|Any CPU.Build.0 = Release|Any CPU
	EndGlobalSection
	GlobalSection(SolutionProperties) = preSolution
		HideSolutionNode = FALSE
	EndGlobalSection
	GlobalSection(NestedProjects) = preSolution
		{6449EA04-3B2D-49B8-9649-BEE49AA8BE76} = {5D9364CF-5361-4AEA-AA6A-3DDEFF96E525}
		{1747899D-7C6E-43E0-AC4D-B7098454BBBD} = {BA869967-5765-4DC5-9ED0-1770B060AC3A}
		{4C84DF99-E026-4E4E-97B0-83CA5D6193EA} = {EB15EE8B-A362-4D20-97E1-BCC5BF42638F}
		{5D2B63CA-A305-44B5-B2D3-D0FC50FCD33A} = {DD7FB548-2DB2-4245-BEFE-ACA7AD60BA20}
		{DBC4CFA1-6F74-46E7-9AF5-A186BDF3BBDF} = {DD7FB548-2DB2-4245-BEFE-ACA7AD60BA20}
		{CCB634C2-2FDF-45FD-95CD-BE0B8BE21C9B} = {DD7FB548-2DB2-4245-BEFE-ACA7AD60BA20}
	EndGlobalSection
	GlobalSection(ExtensibilityGlobals) = postSolution
		SolutionGuid = {6AEFF801-A10F-4096-B15E-EEDCC9445CED}
	EndGlobalSection
EndGlobal
